PODS:
  - Alamofire (4.5.1)
  - AWSCore (2.6.5)
  - AWSSNS (2.6.5):
    - AWSCore (= 2.6.5)

DEPENDENCIES:
  - Alamofire
  - AWSSNS

SPEC CHECKSUMS:
  Alamofire: 2d95912bf4c34f164fdfc335872e8c312acaea4a
  AWSCore: b4895b4a5256d0040f8825ad31f3477d081f508f
  AWSSNS: 8f29af433238455d0dbaa455a18da948e0856ed5

PODFILE CHECKSUM: 0963ed6bceb4709712b861886671035b5bf909d9

COCOAPODS: 1.3.1
